
Microsoft Visual Studio Solution File, Format Version 12.00
# Visual Studio 15
VisualStudioVersion = 15.0.28307.136
MinimumVisualStudioVersion = 10.0.40219.1
Project("{FAE04EC0-301F-11D3-BF4B-00C04F79EFBC}") = "EBusTGXImporter.App", "EBusTGXImporter.App\EBusTGXImporter.App.csproj", "{D1D467E7-0F28-4EDE-BFD4-920BABC5643A}"
EndProject
Project("{FAE04EC0-301F-11D3-BF4B-00C04F79EFBC}") = "EBusTGXImporter.Core", "EBusTGXImporter.Core\EBusTGXImporter.Core.csproj", "{6796C202-70D3-44E3-9336-3CB5F92974DF}"
EndProject
Project("{FAE04EC0-301F-11D3-BF4B-00C04F79EFBC}") = "EBusTGXImporter.DataProvider", "EBusTGXImporter.DataProvider\EBusTGXImporter.DataProvider.csproj", "{975527BD-9245-4AD8-A465-B01ABC623562}"
EndProject
Project("{FAE04EC0-301F-11D3-BF4B-00C04F79EFBC}") = "EBusTGXImporter.Logger", "EBusTGXImporter.Logger\EBusTGXImporter.Logger.csproj", "{0613A6B2-47FA-4297-987E-1CE478AFB113}"
EndProject
Project("{FAE04EC0-301F-11D3-BF4B-00C04F79EFBC}") = "EBusTGXImporter.Reports", "EBusTGXImporter.Reports\EBusTGXImporter.Reports.csproj", "{620DF5E6-D288-4B58-BFC7-384070791C4C}"
EndProject
Global
	GlobalSection(SolutionConfigurationPlatforms) = preSolution
		Debug|Any CPU = Debug|Any CPU
		Release|Any CPU = Release|Any CPU
	EndGlobalSection
	GlobalSection(ProjectConfigurationPlatforms) = postSolution
		{D1D467E7-0F28-4EDE-BFD4-920BABC5643A}.Debug|Any CPU.ActiveCfg = Debug|Any CPU
		{D1D467E7-0F28-4EDE-BFD4-920BABC5643A}.Debug|Any CPU.Build.0 = Debug|Any CPU
		{D1D467E7-0F28-4EDE-BFD4-920BABC5643A}.Release|Any CPU.ActiveCfg = Release|Any CPU
		{D1D467E7-0F28-4EDE-BFD4-920BABC5643A}.Release|Any CPU.Build.0 = Release|Any CPU
		{6796C202-70D3-44E3-9336-3CB5F92974DF}.Debug|Any CPU.ActiveCfg = Debug|Any CPU
		{6796C202-70D3-44E3-9336-3CB5F92974DF}.Debug|Any CPU.Build.0 = Debug|Any CPU
		{6796C202-70D3-44E3-9336-3CB5F92974DF}.Release|Any CPU.ActiveCfg = Release|Any CPU
		{6796C202-70D3-44E3-9336-3CB5F92974DF}.Release|Any CPU.Build.0 = Release|Any CPU
		{975527BD-9245-4AD8-A465-B01ABC623562}.Debug|Any CPU.ActiveCfg = Debug|Any CPU
		{975527BD-9245-4AD8-A465-B01ABC623562}.Debug|Any CPU.Build.0 = Debug|Any CPU
		{975527BD-9245-4AD8-A465-B01ABC623562}.Release|Any CPU.ActiveCfg = Release|Any CPU
		{975527BD-9245-4AD8-A465-B01ABC623562}.Release|Any CPU.Build.0 = Release|Any CPU
		{0613A6B2-47FA-4297-987E-1CE478AFB113}.Debug|Any CPU.ActiveCfg = Debug|Any CPU
		{0613A6B2-47FA-4297-987E-1CE478AFB113}.Debug|Any CPU.Build.0 = Debug|Any CPU
		{0613A6B2-47FA-4297-987E-1CE478AFB113}.Release|Any CPU.ActiveCfg = Release|Any CPU
		{0613A6B2-47FA-4297-987E-1CE478AFB113}.Release|Any CPU.Build.0 = Release|Any CPU
		{620DF5E6-D288-4B58-BFC7-384070791C4C}.Debug|Any CPU.ActiveCfg = Debug|Any CPU
		{620DF5E6-D288-4B58-BFC7-384070791C4C}.Debug|Any CPU.Build.0 = Debug|Any CPU
		{620DF5E6-D288-4B58-BFC7-384070791C4C}.Release|Any CPU.ActiveCfg = Release|Any CPU
		{620DF5E6-D288-4B58-BFC7-384070791C4C}.Release|Any CPU.Build.0 = Release|Any CPU
	EndGlobalSection
	GlobalSection(SolutionProperties) = preSolution
		HideSolutionNode = FALSE
	EndGlobalSection
	GlobalSection(ExtensibilityGlobals) = postSolution
		SolutionGuid = {EFAA91B3-AF9A-4745-8A1C-D33C90896B6D}
	EndGlobalSection
EndGlobal
